// !$*UTF8*$!
{
	archiveVersion = 1;
	classes = {
	};
	objectVersion = 46;
	objects = {

/* Begin PBXBuildFile section */
		7A0AC84318BC48C800E42C4E /* BLE.m in Sources */ = {isa = PBXBuildFile; fileRef = 7A0AC84118BC48C800E42C4E /* BLE.m */; };
		7A26891E196BB2B600A7A1A2 /* splash_screen.png in Resources */ = {isa = PBXBuildFile; fileRef = 7A26891D196BB2B600A7A1A2 /* splash_screen.png */; };
		7A268920196BB31900A7A1A2 /* splash_screen_small.png in Resources */ = {isa = PBXBuildFile; fileRef = 7A26891F196BB31900A7A1A2 /* splash_screen_small.png */; };
		7A2A906118C646AB00510805 /* MotionJpegImageView.mm in Sources */ = {isa = PBXBuildFile; fileRef = 7A2A906018C646AB00510805 /* MotionJpegImageView.mm */; };
		7A362067196B3C97000574A2 /* enable.png in Resources */ = {isa = PBXBuildFile; fileRef = 7A362066196B3C97000574A2 /* enable.png */; };
		7A362069196B3CA4000574A2 /* disable.png in Resources */ = {isa = PBXBuildFile; fileRef = 7A362068196B3CA4000574A2 /* disable.png */; };
		7A36206B196B3FBB000574A2 /* Default-568h@2x.png in Resources */ = {isa = PBXBuildFile; fileRef = 7A36206A196B3FBB000574A2 /* Default-568h@2x.png */; };
		7A5CE14019648EB20036DBDA /* fire.png in Resources */ = {isa = PBXBuildFile; fileRef = 7A5CE13F19648EB20036DBDA /* fire.png */; };
		7A5CE14219648F9B0036DBDA /* connect.png in Resources */ = {isa = PBXBuildFile; fileRef = 7A5CE14119648F9B0036DBDA /* connect.png */; };
		7A5CE14419648FA80036DBDA /* disconnect.png in Resources */ = {isa = PBXBuildFile; fileRef = 7A5CE14319648FA80036DBDA /* disconnect.png */; };
		7AAEB20D196B48A40032AD30 /* dpad.png in Resources */ = {isa = PBXBuildFile; fileRef = 7AAEB20C196B48A40032AD30 /* dpad.png */; };
		7AC9CA3318AD880F00F75847 /* Foundation.framework in Frameworks */ = {isa = PBXBuildFile; fileRef = 7AC9CA3218AD880F00F75847 /* Foundation.framework */; };
		7AC9CA3518AD880F00F75847 /* CoreGraphics.framework in Frameworks */ = {isa = PBXBuildFile; fileRef = 7AC9CA3418AD880F00F75847 /* CoreGraphics.framework */; };
		7AC9CA3718AD880F00F75847 /* UIKit.framework in Frameworks */ = {isa = PBXBuildFile; fileRef = 7AC9CA3618AD880F00F75847 /* UIKit.framework */; };
		7AC9CA3D18AD880F00F75847 /* InfoPlist.strings in Resources */ = {isa = PBXBuildFile; fileRef = 7AC9CA3B18AD880F00F75847 /* InfoPlist.strings */; };
		7AC9CA3F18AD880F00F75847 /* main.m in Sources */ = {isa = PBXBuildFile; fileRef = 7AC9CA3E18AD880F00F75847 /* main.m */; };
		7AC9CA4318AD880F00F75847 /* AppDelegate.m in Sources */ = {isa = PBXBuildFile; fileRef = 7AC9CA4218AD880F00F75847 /* AppDelegate.m */; };
		7AC9CA4618AD880F00F75847 /* Main_iPhone.storyboard in Resources */ = {isa = PBXBuildFile; fileRef = 7AC9CA4418AD880F00F75847 /* Main_iPhone.storyboard */; };
		7AC9CA4918AD880F00F75847 /* Main_iPad.storyboard in Resources */ = {isa = PBXBuildFile; fileRef = 7AC9CA4718AD880F00F75847 /* Main_iPad.storyboard */; };
		7AC9CA4C18AD880F00F75847 /* ViewController.m in Sources */ = {isa = PBXBuildFile; fileRef = 7AC9CA4B18AD880F00F75847 /* ViewController.m */; };
		7AC9CA4E18AD880F00F75847 /* Images.xcassets in Resources */ = {isa = PBXBuildFile; fileRef = 7AC9CA4D18AD880F00F75847 /* Images.xcassets */; };
		7AC9CA5518AD880F00F75847 /* XCTest.framework in Frameworks */ = {isa = PBXBuildFile; fileRef = 7AC9CA5418AD880F00F75847 /* XCTest.framework */; };
		7AC9CA5618AD880F00F75847 /* Foundation.framework in Frameworks */ = {isa = PBXBuildFile; fileRef = 7AC9CA3218AD880F00F75847 /* Foundation.framework */; };
		7AC9CA5718AD880F00F75847 /* UIKit.framework in Frameworks */ = {isa = PBXBuildFile; fileRef = 7AC9CA3618AD880F00F75847 /* UIKit.framework */; };
		7AC9CA5F18AD880F00F75847 /* InfoPlist.strings in Resources */ = {isa = PBXBuildFile; fileRef = 7AC9CA5D18AD880F00F75847 /* InfoPlist.strings */; };
		7AC9CA6118AD880F00F75847 /* Remote_Sentry_GunTests.m in Sources */ = {isa = PBXBuildFile; fileRef = 7AC9CA6018AD880F00F75847 /* Remote_Sentry_GunTests.m */; };
		7ACA0598196C79AC00A2D110 /* joystick.png in Resources */ = {isa = PBXBuildFile; fileRef = 7ACA0597196C79AC00A2D110 /* joystick.png */; };
		7ACA05AB196C89AC00A2D110 /* MFLJoystick.m in Sources */ = {isa = PBXBuildFile; fileRef = 7ACA05A7196C89AC00A2D110 /* MFLJoystick.m */; };
/* End PBXBuildFile section */

/* Begin PBXContainerItemProxy section */
		7AC9CA5818AD880F00F75847 /* PBXContainerItemProxy */ = {
			isa = PBXContainerItemProxy;
			containerPortal = 7AC9CA2718AD880F00F75847 /* Project object */;
			proxyType = 1;
			remoteGlobalIDString = 7AC9CA2E18AD880F00F75847;
			remoteInfo = "Remote-Sentry-Gun";
		};
/* End PBXContainerItemProxy section */

/* Begin PBXFileReference section */
		7A0AC84018BC48C800E42C4E /* BLE.h */ = {isa = PBXFileReference; fileEncoding = 4; lastKnownFileType = sourcecode.c.h; path = BLE.h; sourceTree = "<group>"; };
		7A0AC84118BC48C800E42C4E /* BLE.m */ = {isa = PBXFileReference; fileEncoding = 4; lastKnownFileType = sourcecode.c.objc; path = BLE.m; sourceTree = "<group>"; };
		7A0AC84218BC48C800E42C4E /* BLEDefines.h */ = {isa = PBXFileReference; fileEncoding = 4; lastKnownFileType = sourcecode.c.h; path = BLEDefines.h; sourceTree = "<group>"; };
		7A26891D196BB2B600A7A1A2 /* splash_screen.png */ = {isa = PBXFileReference; lastKnownFileType = image.png; path = splash_screen.png; sourceTree = "<group>"; };
		7A26891F196BB31900A7A1A2 /* splash_screen_small.png */ = {isa = PBXFileReference; lastKnownFileType = image.png; path = splash_screen_small.png; sourceTree = "<group>"; };
		7A2A905F18C646AB00510805 /* MotionJpegImageView.h */ = {isa = PBXFileReference; fileEncoding = 4; lastKnownFileType = sourcecode.c.h; path = MotionJpegImageView.h; sourceTree = "<group>"; };
		7A2A906018C646AB00510805 /* MotionJpegImageView.mm */ = {isa = PBXFileReference; fileEncoding = 4; lastKnownFileType = sourcecode.cpp.objcpp; path = MotionJpegImageView.mm; sourceTree = "<group>"; };
		7A362066196B3C97000574A2 /* enable.png */ = {isa = PBXFileReference; lastKnownFileType = image.png; path = enable.png; sourceTree = "<group>"; };
		7A362068196B3CA4000574A2 /* disable.png */ = {isa = PBXFileReference; lastKnownFileType = image.png; path = disable.png; sourceTree = "<group>"; };
		7A36206A196B3FBB000574A2 /* Default-568h@2x.png */ = {isa = PBXFileReference; lastKnownFileType = image.png; path = "Default-568h@2x.png"; sourceTree = "<group>"; };
		7A5CE13F19648EB20036DBDA /* fire.png */ = {isa = PBXFileReference; lastKnownFileType = image.png; path = fire.png; sourceTree = "<group>"; };
		7A5CE14119648F9B0036DBDA /* connect.png */ = {isa = PBXFileReference; lastKnownFileType = image.png; path = connect.png; sourceTree = "<group>"; };
		7A5CE14319648FA80036DBDA /* disconnect.png */ = {isa = PBXFileReference; lastKnownFileType = image.png; path = disconnect.png; sourceTree = "<group>"; };
		7A5CE264196497380036DBDA /* OpenGLES.framework */ = {isa = PBXFileReference; lastKnownFileType = wrapper.framework; name = OpenGLES.framework; path = System/Library/Frameworks/OpenGLES.framework; sourceTree = SDKROOT; };
		7A5CE2661964973E0036DBDA /* QuartzCore.framework */ = {isa = PBXFileReference; lastKnownFileType = wrapper.framework; name = QuartzCore.framework; path = System/Library/Frameworks/QuartzCore.framework; sourceTree = SDKROOT; };
		7AAEB206196B472E0032AD30 /* SpriteKit.framework */ = {isa = PBXFileReference; lastKnownFileType = wrapper.framework; name = SpriteKit.framework; path = System/Library/Frameworks/SpriteKit.framework; sourceTree = SDKROOT; };
		7AAEB20C196B48A40032AD30 /* dpad.png */ = {isa = PBXFileReference; lastKnownFileType = image.png; path = dpad.png; sourceTree = "<group>"; };
		7AC9CA2F18AD880F00F75847 /* Remote-Sentry-Gun.app */ = {isa = PBXFileReference; explicitFileType = wrapper.application; includeInIndex = 0; path = "Remote-Sentry-Gun.app"; sourceTree = BUILT_PRODUCTS_DIR; };
		7AC9CA3218AD880F00F75847 /* Foundation.framework */ = {isa = PBXFileReference; lastKnownFileType = wrapper.framework; name = Foundation.framework; path = System/Library/Frameworks/Foundation.framework; sourceTree = SDKROOT; };
		7AC9CA3418AD880F00F75847 /* CoreGraphics.framework */ = {isa = PBXFileReference; lastKnownFileType = wrapper.framework; name = CoreGraphics.framework; path = System/Library/Frameworks/CoreGraphics.framework; sourceTree = SDKROOT; };
		7AC9CA3618AD880F00F75847 /* UIKit.framework */ = {isa = PBXFileReference; lastKnownFileType = wrapper.framework; name = UIKit.framework; path = System/Library/Frameworks/UIKit.framework; sourceTree = SDKROOT; };
		7AC9CA3A18AD880F00F75847 /* Remote-Sentry-Gun-Info.plist */ = {isa = PBXFileReference; lastKnownFileType = text.plist.xml; path = "Remote-Sentry-Gun-Info.plist"; sourceTree = "<group>"; };
		7AC9CA3C18AD880F00F75847 /* en */ = {isa = PBXFileReference; lastKnownFileType = text.plist.strings; name = en; path = en.lproj/InfoPlist.strings; sourceTree = "<group>"; };
		7AC9CA3E18AD880F00F75847 /* main.m */ = {isa = PBXFileReference; lastKnownFileType = sourcecode.c.objc; path = main.m; sourceTree = "<group>"; };
		7AC9CA4018AD880F00F75847 /* Remote-Sentry-Gun-Prefix.pch */ = {isa = PBXFileReference; lastKnownFileType = sourcecode.c.h; path = "Remote-Sentry-Gun-Prefix.pch"; sourceTree = "<group>"; };
		7AC9CA4118AD880F00F75847 /* AppDelegate.h */ = {isa = PBXFileReference; lastKnownFileType = sourcecode.c.h; path = AppDelegate.h; sourceTree = "<group>"; };
		7AC9CA4218AD880F00F75847 /* AppDelegate.m */ = {isa = PBXFileReference; lastKnownFileType = sourcecode.c.objc; path = AppDelegate.m; sourceTree = "<group>"; };
		7AC9CA4518AD880F00F75847 /* Base */ = {isa = PBXFileReference; lastKnownFileType = file.storyboard; name = Base; path = Base.lproj/Main_iPhone.storyboard; sourceTree = "<group>"; };
		7AC9CA4818AD880F00F75847 /* Base */ = {isa = PBXFileReference; lastKnownFileType = file.storyboard; name = Base; path = Base.lproj/Main_iPad.storyboard; sourceTree = "<group>"; };
		7AC9CA4A18AD880F00F75847 /* ViewController.h */ = {isa = PBXFileReference; lastKnownFileType = sourcecode.c.h; path = ViewController.h; sourceTree = "<group>"; };
		7AC9CA4B18AD880F00F75847 /* ViewController.m */ = {isa = PBXFileReference; lastKnownFileType = sourcecode.c.objc; path = ViewController.m; sourceTree = "<group>"; };
		7AC9CA4D18AD880F00F75847 /* Images.xcassets */ = {isa = PBXFileReference; lastKnownFileType = folder.assetcatalog; path = Images.xcassets; sourceTree = "<group>"; };
		7AC9CA5318AD880F00F75847 /* Remote-Sentry-GunTests.xctest */ = {isa = PBXFileReference; explicitFileType = wrapper.cfbundle; includeInIndex = 0; path = "Remote-Sentry-GunTests.xctest"; sourceTree = BUILT_PRODUCTS_DIR; };
		7AC9CA5418AD880F00F75847 /* XCTest.framework */ = {isa = PBXFileReference; lastKnownFileType = wrapper.framework; name = XCTest.framework; path = Library/Frameworks/XCTest.framework; sourceTree = DEVELOPER_DIR; };
		7AC9CA5C18AD880F00F75847 /* Remote-Sentry-GunTests-Info.plist */ = {isa = PBXFileReference; lastKnownFileType = text.plist.xml; path = "Remote-Sentry-GunTests-Info.plist"; sourceTree = "<group>"; };
		7AC9CA5E18AD880F00F75847 /* en */ = {isa = PBXFileReference; lastKnownFileType = text.plist.strings; name = en; path = en.lproj/InfoPlist.strings; sourceTree = "<group>"; };
		7AC9CA6018AD880F00F75847 /* Remote_Sentry_GunTests.m */ = {isa = PBXFileReference; lastKnownFileType = sourcecode.c.objc; path = Remote_Sentry_GunTests.m; sourceTree = "<group>"; };
		7ACA0597196C79AC00A2D110 /* joystick.png */ = {isa = PBXFileReference; lastKnownFileType = image.png; path = joystick.png; sourceTree = "<group>"; };
		7ACA05A6196C89AC00A2D110 /* MFLJoystick.h */ = {isa = PBXFileReference; fileEncoding = 4; lastKnownFileType = sourcecode.c.h; path = MFLJoystick.h; sourceTree = "<group>"; };
		7ACA05A7196C89AC00A2D110 /* MFLJoystick.m */ = {isa = PBXFileReference; fileEncoding = 4; lastKnownFileType = sourcecode.c.objc; path = MFLJoystick.m; sourceTree = "<group>"; };
/* End PBXFileReference section */

/* Begin PBXFrameworksBuildPhase section */
		7AC9CA2C18AD880F00F75847 /* Frameworks */ = {
			isa = PBXFrameworksBuildPhase;
			buildActionMask = 2147483647;
			files = (
				7AC9CA3518AD880F00F75847 /* CoreGraphics.framework in Frameworks */,
				7AC9CA3718AD880F00F75847 /* UIKit.framework in Frameworks */,
				7AC9CA3318AD880F00F75847 /* Foundation.framework in Frameworks */,
			);
			runOnlyForDeploymentPostprocessing = 0;
		};
		7AC9CA5018AD880F00F75847 /* Frameworks */ = {
			isa = PBXFrameworksBuildPhase;
			buildActionMask = 2147483647;
			files = (
				7AC9CA5518AD880F00F75847 /* XCTest.framework in Frameworks */,
				7AC9CA5718AD880F00F75847 /* UIKit.framework in Frameworks */,
				7AC9CA5618AD880F00F75847 /* Foundation.framework in Frameworks */,
			);
			runOnlyForDeploymentPostprocessing = 0;
		};
/* End PBXFrameworksBuildPhase section */

/* Begin PBXGroup section */
		7A0AC83F18BC48C800E42C4E /* BLE */ = {
			isa = PBXGroup;
			children = (
				7A0AC84018BC48C800E42C4E /* BLE.h */,
				7A0AC84118BC48C800E42C4E /* BLE.m */,
				7A0AC84218BC48C800E42C4E /* BLEDefines.h */,
			);
			name = BLE;
			path = ../BLE;
			sourceTree = "<group>";
		};
		7A2A905E18C646AB00510805 /* MotionJpegImageView */ = {
			isa = PBXGroup;
			children = (
				7A2A905F18C646AB00510805 /* MotionJpegImageView.h */,
				7A2A906018C646AB00510805 /* MotionJpegImageView.mm */,
			);
			name = MotionJpegImageView;
			path = ../MotionJpegImageView;
			sourceTree = "<group>";
		};
		7A5CEB6A1964AC760036DBDA /* Libraries */ = {
			isa = PBXGroup;
			children = (
				7ACA05A3196C89AC00A2D110 /* MFJoystick */,
				7A2A905E18C646AB00510805 /* MotionJpegImageView */,
				7A0AC83F18BC48C800E42C4E /* BLE */,
			);
			name = Libraries;
			sourceTree = "<group>";
		};
		7AC9CA2618AD880F00F75847 = {
			isa = PBXGroup;
			children = (
				7A36206A196B3FBB000574A2 /* Default-568h@2x.png */,
				7AC9CA3818AD880F00F75847 /* Remote-Sentry-Gun */,
				7AC9CA5A18AD880F00F75847 /* Remote-Sentry-GunTests */,
				7AC9CA3118AD880F00F75847 /* Frameworks */,
				7AC9CA3018AD880F00F75847 /* Products */,
			);
			sourceTree = "<group>";
		};
		7AC9CA3018AD880F00F75847 /* Products */ = {
			isa = PBXGroup;
			children = (
				7AC9CA2F18AD880F00F75847 /* Remote-Sentry-Gun.app */,
				7AC9CA5318AD880F00F75847 /* Remote-Sentry-GunTests.xctest */,
			);
			name = Products;
			sourceTree = "<group>";
		};
		7AC9CA3118AD880F00F75847 /* Frameworks */ = {
			isa = PBXGroup;
			children = (
				7AAEB206196B472E0032AD30 /* SpriteKit.framework */,
				7A5CE2661964973E0036DBDA /* QuartzCore.framework */,
				7A5CE264196497380036DBDA /* OpenGLES.framework */,
				7AC9CA3218AD880F00F75847 /* Foundation.framework */,
				7AC9CA3418AD880F00F75847 /* CoreGraphics.framework */,
				7AC9CA3618AD880F00F75847 /* UIKit.framework */,
				7AC9CA5418AD880F00F75847 /* XCTest.framework */,
			);
			name = Frameworks;
			sourceTree = "<group>";
		};
		7AC9CA3818AD880F00F75847 /* Remote-Sentry-Gun */ = {
			isa = PBXGroup;
			children = (
				7A5CEB6A1964AC760036DBDA /* Libraries */,
				7AC9CA4118AD880F00F75847 /* AppDelegate.h */,
				7AC9CA4218AD880F00F75847 /* AppDelegate.m */,
				7AC9CA4418AD880F00F75847 /* Main_iPhone.storyboard */,
				7AC9CA4718AD880F00F75847 /* Main_iPad.storyboard */,
				7AC9CA4A18AD880F00F75847 /* ViewController.h */,
				7AC9CA4B18AD880F00F75847 /* ViewController.m */,
				7AC9CA4D18AD880F00F75847 /* Images.xcassets */,
				7AC9CA3918AD880F00F75847 /* Supporting Files */,
			);
			path = "Remote-Sentry-Gun";
			sourceTree = "<group>";
		};
		7AC9CA3918AD880F00F75847 /* Supporting Files */ = {
			isa = PBXGroup;
			children = (
				7ACA0597196C79AC00A2D110 /* joystick.png */,
				7AAEB20C196B48A40032AD30 /* dpad.png */,
				7A26891F196BB31900A7A1A2 /* splash_screen_small.png */,
				7A26891D196BB2B600A7A1A2 /* splash_screen.png */,
				7A362068196B3CA4000574A2 /* disable.png */,
				7A362066196B3C97000574A2 /* enable.png */,
				7A5CE14319648FA80036DBDA /* disconnect.png */,
				7A5CE14119648F9B0036DBDA /* connect.png */,
				7A5CE13F19648EB20036DBDA /* fire.png */,
				7AC9CA3A18AD880F00F75847 /* Remote-Sentry-Gun-Info.plist */,
				7AC9CA3B18AD880F00F75847 /* InfoPlist.strings */,
				7AC9CA3E18AD880F00F75847 /* main.m */,
				7AC9CA4018AD880F00F75847 /* Remote-Sentry-Gun-Prefix.pch */,
			);
			name = "Supporting Files";
			sourceTree = "<group>";
		};
		7AC9CA5A18AD880F00F75847 /* Remote-Sentry-GunTests */ = {
			isa = PBXGroup;
			children = (
				7AC9CA6018AD880F00F75847 /* Remote_Sentry_GunTests.m */,
				7AC9CA5B18AD880F00F75847 /* Supporting Files */,
			);
			path = "Remote-Sentry-GunTests";
			sourceTree = "<group>";
		};
		7AC9CA5B18AD880F00F75847 /* Supporting Files */ = {
			isa = PBXGroup;
			children = (
				7AC9CA5C18AD880F00F75847 /* Remote-Sentry-GunTests-Info.plist */,
				7AC9CA5D18AD880F00F75847 /* InfoPlist.strings */,
			);
			name = "Supporting Files";
			sourceTree = "<group>";
		};
		7ACA05A3196C89AC00A2D110 /* MFJoystick */ = {
			isa = PBXGroup;
			children = (
				7ACA05A6196C89AC00A2D110 /* MFLJoystick.h */,
				7ACA05A7196C89AC00A2D110 /* MFLJoystick.m */,
			);
			path = MFJoystick;
			sourceTree = "<group>";
		};
/* End PBXGroup section */

/* Begin PBXNativeTarget section */
		7AC9CA2E18AD880F00F75847 /* Remote-Sentry-Gun */ = {
			isa = PBXNativeTarget;
			buildConfigurationList = 7AC9CA6418AD880F00F75847 /* Build configuration list for PBXNativeTarget "Remote-Sentry-Gun" */;
			buildPhases = (
				7AC9CA2B18AD880F00F75847 /* Sources */,
				7AC9CA2C18AD880F00F75847 /* Frameworks */,
				7AC9CA2D18AD880F00F75847 /* Resources */,
			);
			buildRules = (
			);
			dependencies = (
			);
			name = "Remote-Sentry-Gun";
			productName = "Remote-Sentry-Gun";
			productReference = 7AC9CA2F18AD880F00F75847 /* Remote-Sentry-Gun.app */;
			productType = "com.apple.product-type.application";
		};
		7AC9CA5218AD880F00F75847 /* Remote-Sentry-GunTests */ = {
			isa = PBXNativeTarget;
			buildConfigurationList = 7AC9CA6718AD880F00F75847 /* Build configuration list for PBXNativeTarget "Remote-Sentry-GunTests" */;
			buildPhases = (
				7AC9CA4F18AD880F00F75847 /* Sources */,
				7AC9CA5018AD880F00F75847 /* Frameworks */,
				7AC9CA5118AD880F00F75847 /* Resources */,
			);
			buildRules = (
			);
			dependencies = (
				7AC9CA5918AD880F00F75847 /* PBXTargetDependency */,
			);
			name = "Remote-Sentry-GunTests";
			productName = "Remote-Sentry-GunTests";
			productReference = 7AC9CA5318AD880F00F75847 /* Remote-Sentry-GunTests.xctest */;
			productType = "com.apple.product-type.bundle.unit-test";
		};
/* End PBXNativeTarget section */

/* Begin PBXProject section */
		7AC9CA2718AD880F00F75847 /* Project object */ = {
			isa = PBXProject;
			attributes = {
				LastUpgradeCheck = 0510;
				ORGANIZATIONNAME = "Project Sentry Gun";
				TargetAttributes = {
					7AC9CA2E18AD880F00F75847 = {
						DevelopmentTeam = 2P6XS46L68;
					};
					7AC9CA5218AD880F00F75847 = {
						TestTargetID = 7AC9CA2E18AD880F00F75847;
					};
				};
			};
			buildConfigurationList = 7AC9CA2A18AD880F00F75847 /* Build configuration list for PBXProject "Remote Sentry Gun" */;
			compatibilityVersion = "Xcode 3.2";
			developmentRegion = English;
			hasScannedForEncodings = 0;
			knownRegions = (
				en,
				Base,
			);
			mainGroup = 7AC9CA2618AD880F00F75847;
			productRefGroup = 7AC9CA3018AD880F00F75847 /* Products */;
			projectDirPath = "";
			projectRoot = "";
			targets = (
				7AC9CA2E18AD880F00F75847 /* Remote-Sentry-Gun */,
				7AC9CA5218AD880F00F75847 /* Remote-Sentry-GunTests */,
			);
		};
/* End PBXProject section */

/* Begin PBXResourcesBuildPhase section */
		7AC9CA2D18AD880F00F75847 /* Resources */ = {
			isa = PBXResourcesBuildPhase;
			buildActionMask = 2147483647;
			files = (
				7A362067196B3C97000574A2 /* enable.png in Resources */,
				7AC9CA4918AD880F00F75847 /* Main_iPad.storyboard in Resources */,
				7A268920196BB31900A7A1A2 /* splash_screen_small.png in Resources */,
				7ACA0598196C79AC00A2D110 /* joystick.png in Resources */,
				7AC9CA4E18AD880F00F75847 /* Images.xcassets in Resources */,
				7AC9CA4618AD880F00F75847 /* Main_iPhone.storyboard in Resources */,
				7A5CE14419648FA80036DBDA /* disconnect.png in Resources */,
				7A5CE14219648F9B0036DBDA /* connect.png in Resources */,
				7A362069196B3CA4000574A2 /* disable.png in Resources */,
				7AC9CA3D18AD880F00F75847 /* InfoPlist.strings in Resources */,
				7A5CE14019648EB20036DBDA /* fire.png in Resources */,
				7A36206B196B3FBB000574A2 /* Default-568h@2x.png in Resources */,
				7AAEB20D196B48A40032AD30 /* dpad.png in Resources */,
				7A26891E196BB2B600A7A1A2 /* splash_screen.png in Resources */,
			);
			runOnlyForDeploymentPostprocessing = 0;
		};
		7AC9CA5118AD880F00F75847 /* Resources */ = {
			isa = PBXResourcesBuildPhase;
			buildActionMask = 2147483647;
			files = (
				7AC9CA5F18AD880F00F75847 /* InfoPlist.strings in Resources */,
			);
			runOnlyForDeploymentPostprocessing = 0;
		};
/* End PBXResourcesBuildPhase section */

/* Begin PBXSourcesBuildPhase section */
		7AC9CA2B18AD880F00F75847 /* Sources */ = {
			isa = PBXSourcesBuildPhase;
			buildActionMask = 2147483647;
			files = (
				7ACA05AB196C89AC00A2D110 /* MFLJoystick.m in Sources */,
				7AC9CA4C18AD880F00F75847 /* ViewController.m in Sources */,
				7AC9CA4318AD880F00F75847 /* AppDelegate.m in Sources */,
				7A2A906118C646AB00510805 /* MotionJpegImageView.mm in Sources */,
				7AC9CA3F18AD880F00F75847 /* main.m in Sources */,
				7A0AC84318BC48C800E42C4E /* BLE.m in Sources */,
			);
			runOnlyForDeploymentPostprocessing = 0;
		};
		7AC9CA4F18AD880F00F75847 /* Sources */ = {
			isa = PBXSourcesBuildPhase;
			buildActionMask = 2147483647;
			files = (
				7AC9CA6118AD880F00F75847 /* Remote_Sentry_GunTests.m in Sources */,
			);
			runOnlyForDeploymentPostprocessing = 0;
		};
/* End PBXSourcesBuildPhase section */

/* Begin PBXTargetDependency section */
		7AC9CA5918AD880F00F75847 /* PBXTargetDependency */ = {
			isa = PBXTargetDependency;
			target = 7AC9CA2E18AD880F00F75847 /* Remote-Sentry-Gun */;
			targetProxy = 7AC9CA5818AD880F00F75847 /* PBXContainerItemProxy */;
		};
/* End PBXTargetDependency section */

/* Begin PBXVariantGroup section */
		7AC9CA3B18AD880F00F75847 /* InfoPlist.strings */ = {
			isa = PBXVariantGroup;
			children = (
				7AC9CA3C18AD880F00F75847 /* en */,
			);
			name = InfoPlist.strings;
			sourceTree = "<group>";
		};
		7AC9CA4418AD880F00F75847 /* Main_iPhone.storyboard */ = {
			isa = PBXVariantGroup;
			children = (
				7AC9CA4518AD880F00F75847 /* Base */,
			);
			name = Main_iPhone.storyboard;
			sourceTree = "<group>";
		};
		7AC9CA4718AD880F00F75847 /* Main_iPad.storyboard */ = {
			isa = PBXVariantGroup;
			children = (
				7AC9CA4818AD880F00F75847 /* Base */,
			);
			name = Main_iPad.storyboard;
			sourceTree = "<group>";
		};
		7AC9CA5D18AD880F00F75847 /* InfoPlist.strings */ = {
			isa = PBXVariantGroup;
			children = (
				7AC9CA5E18AD880F00F75847 /* en */,
			);
			name = InfoPlist.strings;
			sourceTree = "<group>";
		};
/* End PBXVariantGroup section */

/* Begin XCBuildConfiguration section */
		7AC9CA6218AD880F00F75847 /* Debug */ = {
			isa = XCBuildConfiguration;
			buildSettings = {
				ALWAYS_SEARCH_USER_PATHS = YES;
				CLANG_CXX_LANGUAGE_STANDARD = "gnu++0x";
				CLANG_CXX_LIBRARY = "libc++";
				CLANG_ENABLE_MODULES = YES;
				CLANG_ENABLE_OBJC_ARC = YES;
				CLANG_WARN_BOOL_CONVERSION = YES;
				CLANG_WARN_CONSTANT_CONVERSION = YES;
				CLANG_WARN_DIRECT_OBJC_ISA_USAGE = YES_ERROR;
				CLANG_WARN_EMPTY_BODY = YES;
				CLANG_WARN_ENUM_CONVERSION = YES;
				CLANG_WARN_INT_CONVERSION = YES;
				CLANG_WARN_OBJC_ROOT_CLASS = YES_ERROR;
				CLANG_WARN__DUPLICATE_METHOD_MATCH = YES;
				"CODE_SIGN_IDENTITY[sdk=iphoneos*]" = "iPhone Developer";
				COPY_PHASE_STRIP = NO;
				GCC_C_LANGUAGE_STANDARD = gnu99;
				GCC_DYNAMIC_NO_PIC = NO;
				GCC_OPTIMIZATION_LEVEL = 0;
				GCC_PREPROCESSOR_DEFINITIONS = (
					"DEBUG=1",
					"$(inherited)",
				);
				GCC_SYMBOLS_PRIVATE_EXTERN = NO;
				GCC_WARN_64_TO_32_BIT_CONVERSION = YES;
				GCC_WARN_ABOUT_RETURN_TYPE = YES_ERROR;
				GCC_WARN_UNDECLARED_SELECTOR = YES;
				GCC_WARN_UNINITIALIZED_AUTOS = YES;
				GCC_WARN_UNUSED_FUNCTION = YES;
				GCC_WARN_UNUSED_VARIABLE = YES;
				IPHONEOS_DEPLOYMENT_TARGET = 7.0;
				ONLY_ACTIVE_ARCH = YES;
				SDKROOT = iphoneos;
				TARGETED_DEVICE_FAMILY = "1,2";
			};
			name = Debug;
		};
		7AC9CA6318AD880F00F75847 /* Release */ = {
			isa = XCBuildConfiguration;
			buildSettings = {
				ALWAYS_SEARCH_USER_PATHS = YES;
				CLANG_CXX_LANGUAGE_STANDARD = "gnu++0x";
				CLANG_CXX_LIBRARY = "libc++";
				CLANG_ENABLE_MODULES = YES;
				CLANG_ENABLE_OBJC_ARC = YES;
				CLANG_WARN_BOOL_CONVERSION = YES;
				CLANG_WARN_CONSTANT_CONVERSION = YES;
				CLANG_WARN_DIRECT_OBJC_ISA_USAGE = YES_ERROR;
				CLANG_WARN_EMPTY_BODY = YES;
				CLANG_WARN_ENUM_CONVERSION = YES;
				CLANG_WARN_INT_CONVERSION = YES;
				CLANG_WARN_OBJC_ROOT_CLASS = YES_ERROR;
				CLANG_WARN__DUPLICATE_METHOD_MATCH = YES;
				"CODE_SIGN_IDENTITY[sdk=iphoneos*]" = "iPhone Developer";
				COPY_PHASE_STRIP = YES;
				ENABLE_NS_ASSERTIONS = NO;
				GCC_C_LANGUAGE_STANDARD = gnu99;
				GCC_WARN_64_TO_32_BIT_CONVERSION = YES;
				GCC_WARN_ABOUT_RETURN_TYPE = YES_ERROR;
				GCC_WARN_UNDECLARED_SELECTOR = YES;
				GCC_WARN_UNINITIALIZED_AUTOS = YES;
				GCC_WARN_UNUSED_FUNCTION = YES;
				GCC_WARN_UNUSED_VARIABLE = YES;
				IPHONEOS_DEPLOYMENT_TARGET = 7.0;
				SDKROOT = iphoneos;
				TARGETED_DEVICE_FAMILY = "1,2";
				VALIDATE_PRODUCT = YES;
			};
			name = Release;
		};
		7AC9CA6518AD880F00F75847 /* Debug */ = {
			isa = XCBuildConfiguration;
			buildSettings = {
				ALWAYS_SEARCH_USER_PATHS = YES;
				ASSETCATALOG_COMPILER_APPICON_NAME = AppIcon;
				CODE_SIGN_IDENTITY = "iPhone Developer";
				GCC_PRECOMPILE_PREFIX_HEADER = YES;
				GCC_PREFIX_HEADER = "Remote-Sentry-Gun/Remote-Sentry-Gun-Prefix.pch";
				INFOPLIST_FILE = "Remote-Sentry-Gun/Remote-Sentry-Gun-Info.plist";
				IPHONEOS_DEPLOYMENT_TARGET = 7.1;
				PRODUCT_NAME = "$(TARGET_NAME)";
				TARGETED_DEVICE_FAMILY = 1;
				WRAPPER_EXTENSION = app;
			};
			name = Debug;
		};
		7AC9CA6618AD880F00F75847 /* Release */ = {
			isa = XCBuildConfiguration;
			buildSettings = {
				ALWAYS_SEARCH_USER_PATHS = YES;
				ASSETCATALOG_COMPILER_APPICON_NAME = AppIcon;
				CODE_SIGN_IDENTITY = "iPhone Developer";
				GCC_PRECOMPILE_PREFIX_HEADER = YES;
				GCC_PREFIX_HEADER = "Remote-Sentry-Gun/Remote-Sentry-Gun-Prefix.pch";
				INFOPLIST_FILE = "Remote-Sentry-Gun/Remote-Sentry-Gun-Info.plist";
				IPHONEOS_DEPLOYMENT_TARGET = 7.1;
				PRODUCT_NAME = "$(TARGET_NAME)";
				TARGETED_DEVICE_FAMILY = 1;
				WRAPPER_EXTENSION = app;
			};
			name = Release;
		};
		7AC9CA6818AD880F00F75847 /* Debug */ = {
			isa = XCBuildConfiguration;
			buildSettings = {
				BUNDLE_LOADER = "$(BUILT_PRODUCTS_DIR)/Remote-Sentry-Gun.app/Remote-Sentry-Gun";
				FRAMEWORK_SEARCH_PATHS = (
					"$(SDKROOT)/Developer/Library/Frameworks",
					"$(inherited)",
					"$(DEVELOPER_FRAMEWORKS_DIR)",
				);
				GCC_PRECOMPILE_PREFIX_HEADER = YES;
				GCC_PREFIX_HEADER = "Remote-Sentry-Gun/Remote-Sentry-Gun-Prefix.pch";
				GCC_PREPROCESSOR_DEFINITIONS = (
					"DEBUG=1",
					"$(inherited)",
				);
				INFOPLIST_FILE = "Remote-Sentry-GunTests/Remote-Sentry-GunTests-Info.plist";
				PRODUCT_NAME = "$(TARGET_NAME)";
				TEST_HOST = "$(BUNDLE_LOADER)";
				WRAPPER_EXTENSION = xctest;
			};
			name = Debug;
		};
		7AC9CA6918AD880F00F75847 /* Release */ = {
			isa = XCBuildConfiguration;
			buildSettings = {
				BUNDLE_LOADER = "$(BUILT_PRODUCTS_DIR)/Remote-Sentry-Gun.app/Remote-Sentry-Gun";
				FRAMEWORK_SEARCH_PATHS = (
					"$(SDKROOT)/Developer/Library/Frameworks",
					"$(inherited)",
					"$(DEVELOPER_FRAMEWORKS_DIR)",
				);
				GCC_PRECOMPILE_PREFIX_HEADER = YES;
				GCC_PREFIX_HEADER = "Remote-Sentry-Gun/Remote-Sentry-Gun-Prefix.pch";
				INFOPLIST_FILE = "Remote-Sentry-GunTests/Remote-Sentry-GunTests-Info.plist";
				PRODUCT_NAME = "$(TARGET_NAME)";
				TEST_HOST = "$(BUNDLE_LOADER)";
				WRAPPER_EXTENSION = xctest;
			};
			name = Release;
		};
/* End XCBuildConfiguration section */

/* Begin XCConfigurationList section */
		7AC9CA2A18AD880F00F75847 /* Build configuration list for PBXProject "Remote Sentry Gun" */ = {
			isa = XCConfigurationList;
			buildConfigurations = (
				7AC9CA6218AD880F00F75847 /* Debug */,
				7AC9CA6318AD880F00F75847 /* Release */,
			);
			defaultConfigurationIsVisible = 0;
			defaultConfigurationName = Release;
		};
		7AC9CA6418AD880F00F75847 /* Build configuration list for PBXNativeTarget "Remote-Sentry-Gun" */ = {
			isa = XCConfigurationList;
			buildConfigurations = (
				7AC9CA6518AD880F00F75847 /* Debug */,
				7AC9CA6618AD880F00F75847 /* Release */,
			);
			defaultConfigurationIsVisible = 0;
			defaultConfigurationName = Release;
		};
		7AC9CA6718AD880F00F75847 /* Build configuration list for PBXNativeTarget "Remote-Sentry-GunTests" */ = {
			isa = XCConfigurationList;
			buildConfigurations = (
				7AC9CA6818AD880F00F75847 /* Debug */,
				7AC9CA6918AD880F00F75847 /* Release */,
			);
			defaultConfigurationIsVisible = 0;
			defaultConfigurationName = Release;
		};
/* End XCConfigurationList section */
	};
	rootObject = 7AC9CA2718AD880F00F75847 /* Project object */;
}
